// !$*UTF8*$!
{
	archiveVersion = 1;
	classes = {
	};
	objectVersion = 46;
	objects = {

/* Begin PBXBuildFile section */
		AE625B641C1E88DA00AAA745 /* AppDelegate.swift in Sources */ = {isa = PBXBuildFile; fileRef = AE625B631C1E88DA00AAA745 /* AppDelegate.swift */; };
		AE625B661C1E88DA00AAA745 /* ViewController.swift in Sources */ = {isa = PBXBuildFile; fileRef = AE625B651C1E88DA00AAA745 /* ViewController.swift */; };
		AE625B691C1E88DA00AAA745 /* Main.storyboard in Resources */ = {isa = PBXBuildFile; fileRef = AE625B671C1E88DA00AAA745 /* Main.storyboard */; };
		AE625B6C1C1E88DA00AAA745 /* NSDataTaskSwift.xcdatamodeld in Sources */ = {isa = PBXBuildFile; fileRef = AE625B6A1C1E88DA00AAA745 /* NSDataTaskSwift.xcdatamodeld */; };
		AE625B6E1C1E88DA00AAA745 /* Assets.xcassets in Resources */ = {isa = PBXBuildFile; fileRef = AE625B6D1C1E88DA00AAA745 /* Assets.xcassets */; };
		AE625B711C1E88DA00AAA745 /* LaunchScreen.storyboard in Resources */ = {isa = PBXBuildFile; fileRef = AE625B6F1C1E88DA00AAA745 /* LaunchScreen.storyboard */; };
		AE625B7C1C1E88DA00AAA745 /* NSDataTaskSwiftTests.swift in Sources */ = {isa = PBXBuildFile; fileRef = AE625B7B1C1E88DA00AAA745 /* NSDataTaskSwiftTests.swift */; };
		AE625B871C1E88DA00AAA745 /* NSDataTaskSwiftUITests.swift in Sources */ = {isa = PBXBuildFile; fileRef = AE625B861C1E88DA00AAA745 /* NSDataTaskSwiftUITests.swift */; };
/* End PBXBuildFile section */

/* Begin PBXContainerItemProxy section */
		AE625B781C1E88DA00AAA745 /* PBXContainerItemProxy */ = {
			isa = PBXContainerItemProxy;
			containerPortal = AE625B581C1E88D900AAA745 /* Project object */;
			proxyType = 1;
			remoteGlobalIDString = AE625B5F1C1E88DA00AAA745;
			remoteInfo = NSDataTaskSwift;
		};
		AE625B831C1E88DA00AAA745 /* PBXContainerItemProxy */ = {
			isa = PBXContainerItemProxy;
			containerPortal = AE625B581C1E88D900AAA745 /* Project object */;
			proxyType = 1;
			remoteGlobalIDString = AE625B5F1C1E88DA00AAA745;
			remoteInfo = NSDataTaskSwift;
		};
/* End PBXContainerItemProxy section */

/* Begin PBXFileReference section */
		AE625B601C1E88DA00AAA745 /* NSDataTaskSwift.app */ = {isa = PBXFileReference; explicitFileType = wrapper.application; includeInIndex = 0; path = NSDataTaskSwift.app; sourceTree = BUILT_PRODUCTS_DIR; };
		AE625B631C1E88DA00AAA745 /* AppDelegate.swift */ = {isa = PBXFileReference; lastKnownFileType = sourcecode.swift; path = AppDelegate.swift; sourceTree = "<group>"; };
		AE625B651C1E88DA00AAA745 /* ViewController.swift */ = {isa = PBXFileReference; lastKnownFileType = sourcecode.swift; path = ViewController.swift; sourceTree = "<group>"; };
		AE625B681C1E88DA00AAA745 /* Base */ = {isa = PBXFileReference; lastKnownFileType = file.storyboard; name = Base; path = Base.lproj/Main.storyboard; sourceTree = "<group>"; };
		AE625B6B1C1E88DA00AAA745 /* NSDataTaskSwift.xcdatamodel */ = {isa = PBXFileReference; lastKnownFileType = wrapper.xcdatamodel; path = NSDataTaskSwift.xcdatamodel; sourceTree = "<group>"; };
		AE625B6D1C1E88DA00AAA745 /* Assets.xcassets */ = {isa = PBXFileReference; lastKnownFileType = folder.assetcatalog; path = Assets.xcassets; sourceTree = "<group>"; };
		AE625B701C1E88DA00AAA745 /* Base */ = {isa = PBXFileReference; lastKnownFileType = file.storyboard; name = Base; path = Base.lproj/LaunchScreen.storyboard; sourceTree = "<group>"; };
		AE625B721C1E88DA00AAA745 /* Info.plist */ = {isa = PBXFileReference; lastKnownFileType = text.plist.xml; path = Info.plist; sourceTree = "<group>"; };
		AE625B771C1E88DA00AAA745 /* NSDataTaskSwiftTests.xctest */ = {isa = PBXFileReference; explicitFileType = wrapper.cfbundle; includeInIndex = 0; path = NSDataTaskSwiftTests.xctest; sourceTree = BUILT_PRODUCTS_DIR; };
		AE625B7B1C1E88DA00AAA745 /* NSDataTaskSwiftTests.swift */ = {isa = PBXFileReference; lastKnownFileType = sourcecode.swift; path = NSDataTaskSwiftTests.swift; sourceTree = "<group>"; };
		AE625B7D1C1E88DA00AAA745 /* Info.plist */ = {isa = PBXFileReference; lastKnownFileType = text.plist.xml; path = Info.plist; sourceTree = "<group>"; };
		AE625B821C1E88DA00AAA745 /* NSDataTaskSwiftUITests.xctest */ = {isa = PBXFileReference; explicitFileType = wrapper.cfbundle; includeInIndex = 0; path = NSDataTaskSwiftUITests.xctest; sourceTree = BUILT_PRODUCTS_DIR; };
		AE625B861C1E88DA00AAA745 /* NSDataTaskSwiftUITests.swift */ = {isa = PBXFileReference; lastKnownFileType = sourcecode.swift; path = NSDataTaskSwiftUITests.swift; sourceTree = "<group>"; };
		AE625B881C1E88DA00AAA745 /* Info.plist */ = {isa = PBXFileReference; lastKnownFileType = text.plist.xml; path = Info.plist; sourceTree = "<group>"; };
/* End PBXFileReference section */

/* Begin PBXFrameworksBuildPhase section */
		AE625B5D1C1E88DA00AAA745 /* Frameworks */ = {
			isa = PBXFrameworksBuildPhase;
			buildActionMask = 2147483647;
			files = (
			);
			runOnlyForDeploymentPostprocessing = 0;
		};
		AE625B741C1E88DA00AAA745 /* Frameworks */ = {
			isa = PBXFrameworksBuildPhase;
			buildActionMask = 2147483647;
			files = (
			);
			runOnlyForDeploymentPostprocessing = 0;
		};
		AE625B7F1C1E88DA00AAA745 /* Frameworks */ = {
			isa = PBXFrameworksBuildPhase;
			buildActionMask = 2147483647;
			files = (
			);
			runOnlyForDeploymentPostprocessing = 0;
		};
/* End PBXFrameworksBuildPhase section */

/* Begin PBXGroup section */
		AE625B571C1E88D900AAA745 = {
			isa = PBXGroup;
			children = (
				AE625B621C1E88DA00AAA745 /* NSDataTaskSwift */,
				AE625B7A1C1E88DA00AAA745 /* NSDataTaskSwiftTests */,
				AE625B851C1E88DA00AAA745 /* NSDataTaskSwiftUITests */,
				AE625B611C1E88DA00AAA745 /* Products */,
			);
			sourceTree = "<group>";
		};
		AE625B611C1E88DA00AAA745 /* Products */ = {
			isa = PBXGroup;
			children = (
				AE625B601C1E88DA00AAA745 /* NSDataTaskSwift.app */,
				AE625B771C1E88DA00AAA745 /* NSDataTaskSwiftTests.xctest */,
				AE625B821C1E88DA00AAA745 /* NSDataTaskSwiftUITests.xctest */,
			);
			name = Products;
			sourceTree = "<group>";
		};
		AE625B621C1E88DA00AAA745 /* NSDataTaskSwift */ = {
			isa = PBXGroup;
			children = (
				AE625B631C1E88DA00AAA745 /* AppDelegate.swift */,
				AE625B651C1E88DA00AAA745 /* ViewController.swift */,
				AE625B671C1E88DA00AAA745 /* Main.storyboard */,
				AE625B6D1C1E88DA00AAA745 /* Assets.xcassets */,
				AE625B6F1C1E88DA00AAA745 /* LaunchScreen.storyboard */,
				AE625B721C1E88DA00AAA745 /* Info.plist */,
				AE625B6A1C1E88DA00AAA745 /* NSDataTaskSwift.xcdatamodeld */,
			);
			path = NSDataTaskSwift;
			sourceTree = "<group>";
		};
		AE625B7A1C1E88DA00AAA745 /* NSDataTaskSwiftTests */ = {
			isa = PBXGroup;
			children = (
				AE625B7B1C1E88DA00AAA745 /* NSDataTaskSwiftTests.swift */,
				AE625B7D1C1E88DA00AAA745 /* Info.plist */,
			);
			path = NSDataTaskSwiftTests;
			sourceTree = "<group>";
		};
		AE625B851C1E88DA00AAA745 /* NSDataTaskSwiftUITests */ = {
			isa = PBXGroup;
			children = (
				AE625B861C1E88DA00AAA745 /* NSDataTaskSwiftUITests.swift */,
				AE625B881C1E88DA00AAA745 /* Info.plist */,
			);
			path = NSDataTaskSwiftUITests;
			sourceTree = "<group>";
		};
/* End PBXGroup section */

/* Begin PBXNativeTarget section */
		AE625B5F1C1E88DA00AAA745 /* NSDataTaskSwift */ = {
			isa = PBXNativeTarget;
			buildConfigurationList = AE625B8B1C1E88DA00AAA745 /* Build configuration list for PBXNativeTarget "NSDataTaskSwift" */;
			buildPhases = (
				AE625B5C1C1E88DA00AAA745 /* Sources */,
				AE625B5D1C1E88DA00AAA745 /* Frameworks */,
				AE625B5E1C1E88DA00AAA745 /* Resources */,
			);
			buildRules = (
			);
			dependencies = (
			);
			name = NSDataTaskSwift;
			productName = NSDataTaskSwift;
			productReference = AE625B601C1E88DA00AAA745 /* NSDataTaskSwift.app */;
			productType = "com.apple.product-type.application";
		};
		AE625B761C1E88DA00AAA745 /* NSDataTaskSwiftTests */ = {
			isa = PBXNativeTarget;
			buildConfigurationList = AE625B8E1C1E88DA00AAA745 /* Build configuration list for PBXNativeTarget "NSDataTaskSwiftTests" */;
			buildPhases = (
				AE625B731C1E88DA00AAA745 /* Sources */,
				AE625B741C1E88DA00AAA745 /* Frameworks */,
				AE625B751C1E88DA00AAA745 /* Resources */,
			);
			buildRules = (
			);
			dependencies = (
				AE625B791C1E88DA00AAA745 /* PBXTargetDependency */,
			);
			name = NSDataTaskSwiftTests;
			productName = NSDataTaskSwiftTests;
			productReference = AE625B771C1E88DA00AAA745 /* NSDataTaskSwiftTests.xctest */;
			productType = "com.apple.product-type.bundle.unit-test";
		};
		AE625B811C1E88DA00AAA745 /* NSDataTaskSwiftUITests */ = {
			isa = PBXNativeTarget;
			buildConfigurationList = AE625B911C1E88DA00AAA745 /* Build configuration list for PBXNativeTarget "NSDataTaskSwiftUITests" */;
			buildPhases = (
				AE625B7E1C1E88DA00AAA745 /* Sources */,
				AE625B7F1C1E88DA00AAA745 /* Frameworks */,
				AE625B801C1E88DA00AAA745 /* Resources */,
			);
			buildRules = (
			);
			dependencies = (
				AE625B841C1E88DA00AAA745 /* PBXTargetDependency */,
			);
			name = NSDataTaskSwiftUITests;
			productName = NSDataTaskSwiftUITests;
			productReference = AE625B821C1E88DA00AAA745 /* NSDataTaskSwiftUITests.xctest */;
			productType = "com.apple.product-type.bundle.ui-testing";
		};
/* End PBXNativeTarget section */

/* Begin PBXProject section */
		AE625B581C1E88D900AAA745 /* Project object */ = {
			isa = PBXProject;
			attributes = {
				LastSwiftUpdateCheck = 0710;
				LastUpgradeCheck = 0710;
				ORGANIZATIONNAME = wflogin;
				TargetAttributes = {
					AE625B5F1C1E88DA00AAA745 = {
						CreatedOnToolsVersion = 7.1.1;
					};
					AE625B761C1E88DA00AAA745 = {
						CreatedOnToolsVersion = 7.1.1;
						TestTargetID = AE625B5F1C1E88DA00AAA745;
					};
					AE625B811C1E88DA00AAA745 = {
						CreatedOnToolsVersion = 7.1.1;
						TestTargetID = AE625B5F1C1E88DA00AAA745;
					};
				};
			};
			buildConfigurationList = AE625B5B1C1E88D900AAA745 /* Build configuration list for PBXProject "NSDataTaskSwift" */;
			compatibilityVersion = "Xcode 3.2";
			developmentRegion = English;
			hasScannedForEncodings = 0;
			knownRegions = (
				en,
				Base,
			);
			mainGroup = AE625B571C1E88D900AAA745;
			productRefGroup = AE625B611C1E88DA00AAA745 /* Products */;
			projectDirPath = "";
			projectRoot = "";
			targets = (
				AE625B5F1C1E88DA00AAA745 /* NSDataTaskSwift */,
				AE625B761C1E88DA00AAA745 /* NSDataTaskSwiftTests */,
				AE625B811C1E88DA00AAA745 /* NSDataTaskSwiftUITests */,
			);
		};
/* End PBXProject section */

/* Begin PBXResourcesBuildPhase section */
		AE625B5E1C1E88DA00AAA745 /* Resources */ = {
			isa = PBXResourcesBuildPhase;
			buildActionMask = 2147483647;
			files = (
				AE625B711C1E88DA00AAA745 /* LaunchScreen.storyboard in Resources */,
				AE625B6E1C1E88DA00AAA745 /* Assets.xcassets in Resources */,
				AE625B691C1E88DA00AAA745 /* Main.storyboard in Resources */,
			);
			runOnlyForDeploymentPostprocessing = 0;
		};
		AE625B751C1E88DA00AAA745 /* Resources */ = {
			isa = PBXResourcesBuildPhase;
			buildActionMask = 2147483647;
			files = (
			);
			runOnlyForDeploymentPostprocessing = 0;
		};
		AE625B801C1E88DA00AAA745 /* Resources */ = {
			isa = PBXResourcesBuildPhase;
			buildActionMask = 2147483647;
			files = (
			);
			runOnlyForDeploymentPostprocessing = 0;
		};
/* End PBXResourcesBuildPhase section */

/* Begin PBXSourcesBuildPhase section */
		AE625B5C1C1E88DA00AAA745 /* Sources */ = {
			isa = PBXSourcesBuildPhase;
			buildActionMask = 2147483647;
			files = (
				AE625B6C1C1E88DA00AAA745 /* NSDataTaskSwift.xcdatamodeld in Sources */,
				AE625B661C1E88DA00AAA745 /* ViewController.swift in Sources */,
				AE625B641C1E88DA00AAA745 /* AppDelegate.swift in Sources */,
			);
			runOnlyForDeploymentPostprocessing = 0;
		};
		AE625B731C1E88DA00AAA745 /* Sources */ = {
			isa = PBXSourcesBuildPhase;
			buildActionMask = 2147483647;
			files = (
				AE625B7C1C1E88DA00AAA745 /* NSDataTaskSwiftTests.swift in Sources */,
			);
			runOnlyForDeploymentPostprocessing = 0;
		};
		AE625B7E1C1E88DA00AAA745 /* Sources */ = {
			isa = PBXSourcesBuildPhase;
			buildActionMask = 2147483647;
			files = (
				AE625B871C1E88DA00AAA745 /* NSDataTaskSwiftUITests.swift in Sources */,
			);
			runOnlyForDeploymentPostprocessing = 0;
		};
/* End PBXSourcesBuildPhase section */

/* Begin PBXTargetDependency section */
		AE625B791C1E88DA00AAA745 /* PBXTargetDependency */ = {
			isa = PBXTargetDependency;
			target = AE625B5F1C1E88DA00AAA745 /* NSDataTaskSwift */;
			targetProxy = AE625B781C1E88DA00AAA745 /* PBXContainerItemProxy */;
		};
		AE625B841C1E88DA00AAA745 /* PBXTargetDependency */ = {
			isa = PBXTargetDependency;
			target = AE625B5F1C1E88DA00AAA745 /* NSDataTaskSwift */;
			targetProxy = AE625B831C1E88DA00AAA745 /* PBXContainerItemProxy */;
		};
/* End PBXTargetDependency section */

/* Begin PBXVariantGroup section */
		AE625B671C1E88DA00AAA745 /* Main.storyboard */ = {
			isa = PBXVariantGroup;
			children = (
				AE625B681C1E88DA00AAA745 /* Base */,
			);
			name = Main.storyboard;
			sourceTree = "<group>";
		};
		AE625B6F1C1E88DA00AAA745 /* LaunchScreen.storyboard */ = {
			isa = PBXVariantGroup;
			children = (
				AE625B701C1E88DA00AAA745 /* Base */,
			);
			name = LaunchScreen.storyboard;
			sourceTree = "<group>";
		};
/* End PBXVariantGroup section */

/* Begin XCBuildConfiguration section */
		AE625B891C1E88DA00AAA745 /* Debug */ = {
			isa = XCBuildConfiguration;
			buildSettings = {
				ALWAYS_SEARCH_USER_PATHS = NO;
				CLANG_CXX_LANGUAGE_STANDARD = "gnu++0x";
				CLANG_CXX_LIBRARY = "libc++";
				CLANG_ENABLE_MODULES = YES;
				CLANG_ENABLE_OBJC_ARC = YES;
				CLANG_WARN_BOOL_CONVERSION = YES;
				CLANG_WARN_CONSTANT_CONVERSION = YES;
				CLANG_WARN_DIRECT_OBJC_ISA_USAGE = YES_ERROR;
				CLANG_WARN_EMPTY_BODY = YES;
				CLANG_WARN_ENUM_CONVERSION = YES;
				CLANG_WARN_INT_CONVERSION = YES;
				CLANG_WARN_OBJC_ROOT_CLASS = YES_ERROR;
				CLANG_WARN_UNREACHABLE_CODE = YES;
				CLANG_WARN__DUPLICATE_METHOD_MATCH = YES;
				"CODE_SIGN_IDENTITY[sdk=iphoneos*]" = "iPhone Developer";
				COPY_PHASE_STRIP = NO;
				DEBUG_INFORMATION_FORMAT = dwarf;
				ENABLE_STRICT_OBJC_MSGSEND = YES;
				ENABLE_TESTABILITY = YES;
				GCC_C_LANGUAGE_STANDARD = gnu99;
				GCC_DYNAMIC_NO_PIC = NO;
				GCC_NO_COMMON_BLOCKS = YES;
				GCC_OPTIMIZATION_LEVEL = 0;
				GCC_PREPROCESSOR_DEFINITIONS = (
					"DEBUG=1",
					"$(inherited)",
				);
				GCC_WARN_64_TO_32_BIT_CONVERSION = YES;
				GCC_WARN_ABOUT_RETURN_TYPE = YES_ERROR;
				GCC_WARN_UNDECLARED_SELECTOR = YES;
				GCC_WARN_UNINITIALIZED_AUTOS = YES_AGGRESSIVE;
				GCC_WARN_UNUSED_FUNCTION = YES;
				GCC_WARN_UNUSED_VARIABLE = YES;
				IPHONEOS_DEPLOYMENT_TARGET = 9.1;
				MTL_ENABLE_DEBUG_INFO = YES;
				ONLY_ACTIVE_ARCH = YES;
				SDKROOT = iphoneos;
				SWIFT_OPTIMIZATION_LEVEL = "-Onone";
				TARGETED_DEVICE_FAMILY = "1,2";
			};
			name = Debug;
		};
		AE625B8A1C1E88DA00AAA745 /* Release */ = {
			isa = XCBuildConfiguration;
			buildSettings = {
				ALWAYS_SEARCH_USER_PATHS = NO;
				CLANG_CXX_LANGUAGE_STANDARD = "gnu++0x";
				CLANG_CXX_LIBRARY = "libc++";
				CLANG_ENABLE_MODULES = YES;
				CLANG_ENABLE_OBJC_ARC = YES;
				CLANG_WARN_BOOL_CONVERSION = YES;
				CLANG_WARN_CONSTANT_CONVERSION = YES;
				CLANG_WARN_DIRECT_OBJC_ISA_USAGE = YES_ERROR;
				CLANG_WARN_EMPTY_BODY = YES;
				CLANG_WARN_ENUM_CONVERSION = YES;
				CLANG_WARN_INT_CONVERSION = YES;
				CLANG_WARN_OBJC_ROOT_CLASS = YES_ERROR;
				CLANG_WARN_UNREACHABLE_CODE = YES;
				CLANG_WARN__DUPLICATE_METHOD_MATCH = YES;
				"CODE_SIGN_IDENTITY[sdk=iphoneos*]" = "iPhone Developer";
				COPY_PHASE_STRIP = NO;
				DEBUG_INFORMATION_FORMAT = "dwarf-with-dsym";
				ENABLE_NS_ASSERTIONS = NO;
				ENABLE_STRICT_OBJC_MSGSEND = YES;
				GCC_C_LANGUAGE_STANDARD = gnu99;
				GCC_NO_COMMON_BLOCKS = YES;
				GCC_WARN_64_TO_32_BIT_CONVERSION = YES;
				GCC_WARN_ABOUT_RETURN_TYPE = YES_ERROR;
				GCC_WARN_UNDECLARED_SELECTOR = YES;
				GCC_WARN_UNINITIALIZED_AUTOS = YES_AGGRESSIVE;
				GCC_WARN_UNUSED_FUNCTION = YES;
				GCC_WARN_UNUSED_VARIABLE = YES;
				IPHONEOS_DEPLOYMENT_TARGET = 9.1;
				MTL_ENABLE_DEBUG_INFO = NO;
				SDKROOT = iphoneos;
				TARGETED_DEVICE_FAMILY = "1,2";
				VALIDATE_PRODUCT = YES;
			};
			name = Release;
		};
		AE625B8C1C1E88DA00AAA745 /* Debug */ = {
			isa = XCBuildConfiguration;
			buildSettings = {
				ASSETCATALOG_COMPILER_APPICON_NAME = AppIcon;
				INFOPLIST_FILE = NSDataTaskSwift/Info.plist;
				LD_RUNPATH_SEARCH_PATHS = "$(inherited) @executable_path/Frameworks";
				PRODUCT_BUNDLE_IDENTIFIER = Wflogin.NSDataTaskSwift;
				PRODUCT_NAME = "$(TARGET_NAME)";
			};
			name = Debug;
		};
		AE625B8D1C1E88DA00AAA745 /* Release */ = {
			isa = XCBuildConfiguration;
			buildSettings = {
				ASSETCATALOG_COMPILER_APPICON_NAME = AppIcon;
				INFOPLIST_FILE = NSDataTaskSwift/Info.plist;
				LD_RUNPATH_SEARCH_PATHS = "$(inherited) @executable_path/Frameworks";
				PRODUCT_BUNDLE_IDENTIFIER = Wflogin.NSDataTaskSwift;
				PRODUCT_NAME = "$(TARGET_NAME)";
			};
			name = Release;
		};
		AE625B8F1C1E88DA00AAA745 /* Debug */ = {
			isa = XCBuildConfiguration;
			buildSettings = {
				BUNDLE_LOADER = "$(TEST_HOST)";
				INFOPLIST_FILE = NSDataTaskSwiftTests/Info.plist;
				LD_RUNPATH_SEARCH_PATHS = "$(inherited) @executable_path/Frameworks @loader_path/Frameworks";
				PRODUCT_BUNDLE_IDENTIFIER = Wflogin.NSDataTaskSwiftTests;
				PRODUCT_NAME = "$(TARGET_NAME)";
				TEST_HOST = "$(BUILT_PRODUCTS_DIR)/NSDataTaskSwift.app/NSDataTaskSwift";
			};
			name = Debug;
		};
		AE625B901C1E88DA00AAA745 /* Release */ = {
			isa = XCBuildConfiguration;
			buildSettings = {
				BUNDLE_LOADER = "$(TEST_HOST)";
				INFOPLIST_FILE = NSDataTaskSwiftTests/Info.plist;
				LD_RUNPATH_SEARCH_PATHS = "$(inherited) @executable_path/Frameworks @loader_path/Frameworks";
				PRODUCT_BUNDLE_IDENTIFIER = Wflogin.NSDataTaskSwiftTests;
				PRODUCT_NAME = "$(TARGET_NAME)";
				TEST_HOST = "$(BUILT_PRODUCTS_DIR)/NSDataTaskSwift.app/NSDataTaskSwift";
			};
			name = Release;
		};
		AE625B921C1E88DA00AAA745 /* Debug */ = {
			isa = XCBuildConfiguration;
			buildSettings = {
				INFOPLIST_FILE = NSDataTaskSwiftUITests/Info.plist;
				LD_RUNPATH_SEARCH_PATHS = "$(inherited) @executable_path/Frameworks @loader_path/Frameworks";
				PRODUCT_BUNDLE_IDENTIFIER = Wflogin.NSDataTaskSwiftUITests;
				PRODUCT_NAME = "$(TARGET_NAME)";
				TEST_TARGET_NAME = NSDataTaskSwift;
				USES_XCTRUNNER = YES;
			};
			name = Debug;
		};
		AE625B931C1E88DA00AAA745 /* Release */ = {
			isa = XCBuildConfiguration;
			buildSettings = {
				INFOPLIST_FILE = NSDataTaskSwiftUITests/Info.plist;
				LD_RUNPATH_SEARCH_PATHS = "$(inherited) @executable_path/Frameworks @loader_path/Frameworks";
				PRODUCT_BUNDLE_IDENTIFIER = Wflogin.NSDataTaskSwiftUITests;
				PRODUCT_NAME = "$(TARGET_NAME)";
				TEST_TARGET_NAME = NSDataTaskSwift;
				USES_XCTRUNNER = YES;
			};
			name = Release;
		};
/* End XCBuildConfiguration section */

/* Begin XCConfigurationList section */
		AE625B5B1C1E88D900AAA745 /* Build configuration list for PBXProject "NSDataTaskSwift" */ = {
			isa = XCConfigurationList;
			buildConfigurations = (
				AE625B891C1E88DA00AAA745 /* Debug */,
				AE625B8A1C1E88DA00AAA745 /* Release */,
			);
			defaultConfigurationIsVisible = 0;
			defaultConfigurationName = Release;
		};
		AE625B8B1C1E88DA00AAA745 /* Build configuration list for PBXNativeTarget "NSDataTaskSwift" */ = {
			isa = XCConfigurationList;
			buildConfigurations = (
				AE625B8C1C1E88DA00AAA745 /* Debug */,
				AE625B8D1C1E88DA00AAA745 /* Release */,
			);
			defaultConfigurationIsVisible = 0;
		};
		AE625B8E1C1E88DA00AAA745 /* Build configuration list for PBXNativeTarget "NSDataTaskSwiftTests" */ = {
			isa = XCConfigurationList;
			buildConfigurations = (
				AE625B8F1C1E88DA00AAA745 /* Debug */,
				AE625B901C1E88DA00AAA745 /* Release */,
			);
			defaultConfigurationIsVisible = 0;
		};
		AE625B911C1E88DA00AAA745 /* Build configuration list for PBXNativeTarget "NSDataTaskSwiftUITests" */ = {
			isa = XCConfigurationList;
			buildConfigurations = (
				AE625B921C1E88DA00AAA745 /* Debug */,
				AE625B931C1E88DA00AAA745 /* Release */,
			);
			defaultConfigurationIsVisible = 0;
		};
/* End XCConfigurationList section */

/* Begin XCVersionGroup section */
		AE625B6A1C1E88DA00AAA745 /* NSDataTaskSwift.xcdatamodeld */ = {
			isa = XCVersionGroup;
			children = (
				AE625B6B1C1E88DA00AAA745 /* NSDataTaskSwift.xcdatamodel */,
			);
			currentVersion = AE625B6B1C1E88DA00AAA745 /* NSDataTaskSwift.xcdatamodel */;
			path = NSDataTaskSwift.xcdatamodeld;
			sourceTree = "<group>";
			versionGroupType = wrapper.xcdatamodel;
		};
/* End XCVersionGroup section */
	};
	rootObject = AE625B581C1E88D900AAA745 /* Project object */;
}
